{
  "name": "etherpad-lite",
  "requires": true,
  "lockfileVersion": 1,
  "dependencies": {
    "ep_copy_paste_images": {
      "version": "0.0.14",
      "resolved": "https://registry.npmjs.org/ep_copy_paste_images/-/ep_copy_paste_images-0.0.14.tgz",
      "integrity": "sha1-0ZSBWflzM1+FfOEhkGE/IB0zLUw="
    },
    "ep_tables2": {
      "version": "0.3.0",
      "resolved": "https://registry.npmjs.org/ep_tables2/-/ep_tables2-0.3.0.tgz",
      "integrity": "sha512-EPMyfLekxOiWyd5JomuHC75tvjT53CJ2vKWJIElc7zcQRGHP+kMHU3ef6ylFQoK3q20y923nxLh1dH/G2qPrzw=="
    }
  }
}
